
Microsoft Visual Studio Solution File, Format Version 12.00
# Visual Studio Version 17
VisualStudioVersion = 17.4.33205.214
MinimumVisualStudioVersion = 10.0.40219.1
Project("{FAE04EC0-301F-11D3-BF4B-00C04F79EFBC}") = "ErrorSystem", "ErrorSystem\ErrorSystem.csproj", "{F8B0D9C6-DEC9-460E-9133-B6B25FDC276E}"
EndProject
Global
	GlobalSection(SolutionConfigurationPlatforms) = preSolution
		Debug|Any CPU = Debug|Any CPU
		Release|Any CPU = Release|Any CPU
	EndGlobalSection
	GlobalSection(ProjectConfigurationPlatforms) = postSolution
		{F8B0D9C6-DEC9-460E-9133-B6B25FDC276E}.Debug|Any CPU.ActiveCfg = Debug|Any CPU
		{F8B0D9C6-DEC9-460E-9133-B6B25FDC276E}.Debug|Any CPU.Build.0 = Debug|Any CPU
		{F8B0D9C6-DEC9-460E-9133-B6B25FDC276E}.Release|Any CPU.ActiveCfg = Release|Any CPU
		{F8B0D9C6-DEC9-460E-9133-B6B25FDC276E}.Release|Any CPU.Build.0 = Release|Any CPU
	EndGlobalSection
	GlobalSection(SolutionProperties) = preSolution
		HideSolutionNode = FALSE
	EndGlobalSection
	GlobalSection(ExtensibilityGlobals) = postSolution
		SolutionGuid = {31A6362D-7603-4888-B9DC-C9B5B92F0FB9}
	EndGlobalSection
EndGlobal
